<?xml version="1.0" encoding="UTF-8"?>
<Scheme
   LastUpgradeVersion = "1240"
   version = "1.3">
   <BuildAction
      parallelizeBuildables = "YES"
      buildImplicitDependencies = "YES">
      <BuildActionEntries>
         <BuildActionEntry
            buildForTesting = "YES"
            buildForRunning = "YES"
            buildForProfiling = "YES"
            buildForArchiving = "YES"
            buildForAnalyzing = "YES">
            <BuildableReference
               BuildableIdentifier = "primary"
               BlueprintIdentifier = "7AC9275E26095269005D7E9C"
               BuildableName = "WikiLocations.app"
               BlueprintName = "WikiLocations"
               ReferencedContainer = "container:WikiLocations.xcodeproj">
            </BuildableReference>
         </BuildActionEntry>
      </BuildActionEntries>
   </BuildAction>
   <TestAction
      buildConfiguration = "Debug_STAGE"
      selectedDebuggerIdentifier = "Xcode.DebuggerFoundation.Debugger.LLDB"
      selectedLauncherIdentifier = "Xcode.DebuggerFoundation.Launcher.LLDB"
      shouldUseLaunchSchemeArgsEnv = "YES">
      <Testables>
         <TestableReference
            skipped = "NO">
            <BuildableReference
               BuildableIdentifier = "primary"
               BlueprintIdentifier = "7A2629C4260CA40700B4FBF7"
               BuildableName = "WikiLocationsTests.xctest"
               BlueprintName = "WikiLocationsTests"
               ReferencedContainer = "container:WikiLocations.xcodeproj">
            </BuildableReference>
         </TestableReference>
         <TestableReference
            skipped = "NO">
            <BuildableReference
               BuildableIdentifier = "primary"
               BlueprintIdentifier = "CommonTests"
               BuildableName = "CommonTests"
               BlueprintName = "CommonTests"
               ReferencedContainer = "container:Packages/Common">
            </BuildableReference>
         </TestableReference>
         <TestableReference
            skipped = "NO">
            <BuildableReference
               BuildableIdentifier = "primary"
               BlueprintIdentifier = "CommonUITests"
               BuildableName = "CommonUITests"
               BlueprintName = "CommonUITests"
               ReferencedContainer = "container:Packages/CommonUI">
            </BuildableReference>
         </TestableReference>
         <TestableReference
            skipped = "NO">
            <BuildableReference
               BuildableIdentifier = "primary"
               BlueprintIdentifier = "LightURLSessionDataTaskTests"
               BuildableName = "LightURLSessionDataTaskTests"
               BlueprintName = "LightURLSessionDataTaskTests"
               ReferencedContainer = "container:Packages/LightURLSessionDataTask">
            </BuildableReference>
         </TestableReference>
         <TestableReference
            skipped = "NO">
            <BuildableReference
               BuildableIdentifier = "primary"
               BlueprintIdentifier = "NetworkProviderTests"
               BuildableName = "NetworkProviderTests"
               BlueprintName = "NetworkProviderTests"
               ReferencedContainer = "container:Packages/NetworkProvider">
            </BuildableReference>
         </TestableReference>
         <TestableReference
            skipped = "NO">
            <BuildableReference
               BuildableIdentifier = "primary"
               BlueprintIdentifier = "PlistReaderTests"
               BuildableName = "PlistReaderTests"
               BlueprintName = "PlistReaderTests"
               ReferencedContainer = "container:Packages/PlistReader">
            </BuildableReference>
         </TestableReference>
      </Testables>
   </TestAction>
   <LaunchAction
      buildConfiguration = "Debug_STAGE"
      selectedDebuggerIdentifier = "Xcode.DebuggerFoundation.Debugger.LLDB"
      selectedLauncherIdentifier = "Xcode.DebuggerFoundation.Launcher.LLDB"
      launchStyle = "0"
      useCustomWorkingDirectory = "NO"
      ignoresPersistentStateOnLaunch = "NO"
      debugDocumentVersioning = "YES"
      debugServiceExtension = "internal"
      allowLocationSimulation = "YES">
      <BuildableProductRunnable
         runnableDebuggingMode = "0">
         <BuildableReference
            BuildableIdentifier = "primary"
            BlueprintIdentifier = "7AC9275E26095269005D7E9C"
            BuildableName = "WikiLocations.app"
            BlueprintName = "WikiLocations"
            ReferencedContainer = "container:WikiLocations.xcodeproj">
         </BuildableReference>
      </BuildableProductRunnable>
   </LaunchAction>
   <ProfileAction
      buildConfiguration = "Release_STAGE"
      shouldUseLaunchSchemeArgsEnv = "YES"
      savedToolIdentifier = ""
      useCustomWorkingDirectory = "NO"
      debugDocumentVersioning = "YES">
      <BuildableProductRunnable
         runnableDebuggingMode = "0">
         <BuildableReference
            BuildableIdentifier = "primary"
            BlueprintIdentifier = "7AC9275E26095269005D7E9C"
            BuildableName = "WikiLocations.app"
            BlueprintName = "WikiLocations"
            ReferencedContainer = "container:WikiLocations.xcodeproj">
         </BuildableReference>
      </BuildableProductRunnable>
   </ProfileAction>
   <AnalyzeAction
      buildConfiguration = "Debug_STAGE">
   </AnalyzeAction>
   <ArchiveAction
      buildConfiguration = "Release_STAGE"
      revealArchiveInOrganizer = "YES">
   </ArchiveAction>
</Scheme>
