// !$*UTF8*$!
{
	archiveVersion = 1;
	classes = {
	};
	objectVersion = 52;
	objects = {

/* Begin PBXBuildFile section */
		7A0C2E3E260A837800C57C14 /* LocationsViewModel.swift in Sources */ = {isa = PBXBuildFile; fileRef = 7A0C2E3D260A837800C57C14 /* LocationsViewModel.swift */; };
		7A0C2EA0260A914400C57C14 /* LocationsTableViewController.swift in Sources */ = {isa = PBXBuildFile; fileRef = 7A0C2E9F260A914400C57C14 /* LocationsTableViewController.swift */; };
		7A42100A260A49E000280D35 /* LightURLSessionDataTask in Frameworks */ = {isa = PBXBuildFile; productRef = 7A421009260A49E000280D35 /* LightURLSessionDataTask */; };
		7A42100C260A49E400280D35 /* NetworkProvider in Frameworks */ = {isa = PBXBuildFile; productRef = 7A42100B260A49E400280D35 /* NetworkProvider */; };
		7A421028260A68A700280D35 /* LocationClient.swift in Sources */ = {isa = PBXBuildFile; fileRef = 7A421027260A68A700280D35 /* LocationClient.swift */; };
		7A42102C260A68B300280D35 /* Location.swift in Sources */ = {isa = PBXBuildFile; fileRef = 7A42102B260A68B300280D35 /* Location.swift */; };
		7A421030260A69A900280D35 /* LocationService.swift in Sources */ = {isa = PBXBuildFile; fileRef = 7A42102F260A69A900280D35 /* LocationService.swift */; };
		7A710F20260A7C81009FBA2C /* LocationJson.swift in Sources */ = {isa = PBXBuildFile; fileRef = 7A710F1F260A7C81009FBA2C /* LocationJson.swift */; };
		7A710F23260A7E1F009FBA2C /* LocationRepositoryProtocol.swift in Sources */ = {isa = PBXBuildFile; fileRef = 7A710F22260A7E1F009FBA2C /* LocationRepositoryProtocol.swift */; };
		7A710F28260A80AA009FBA2C /* LocationRepository.swift in Sources */ = {isa = PBXBuildFile; fileRef = 7A710F27260A80AA009FBA2C /* LocationRepository.swift */; };
		7A855719260A3189001F9AD8 /* PlistReader in Frameworks */ = {isa = PBXBuildFile; productRef = 7A855718260A3189001F9AD8 /* PlistReader */; };
		7AC9276326095269005D7E9C /* AppDelegate.swift in Sources */ = {isa = PBXBuildFile; fileRef = 7AC9276226095269005D7E9C /* AppDelegate.swift */; };
		7AC9276526095269005D7E9C /* SceneDelegate.swift in Sources */ = {isa = PBXBuildFile; fileRef = 7AC9276426095269005D7E9C /* SceneDelegate.swift */; };
		7AC9276726095269005D7E9C /* RootViewController.swift in Sources */ = {isa = PBXBuildFile; fileRef = 7AC9276626095269005D7E9C /* RootViewController.swift */; };
		7AC9276C2609526B005D7E9C /* Assets.xcassets in Resources */ = {isa = PBXBuildFile; fileRef = 7AC9276B2609526B005D7E9C /* Assets.xcassets */; };
		7AC9276F2609526B005D7E9C /* LaunchScreen.storyboard in Resources */ = {isa = PBXBuildFile; fileRef = 7AC9276D2609526B005D7E9C /* LaunchScreen.storyboard */; };
		7AC927BD2609F0AE005D7E9C /* ScreenStackProtocol.swift in Sources */ = {isa = PBXBuildFile; fileRef = 7AC927BC2609F0AE005D7E9C /* ScreenStackProtocol.swift */; };
		7AC927D92609FDA4005D7E9C /* Localizable.strings in Resources */ = {isa = PBXBuildFile; fileRef = 7AC927DB2609FDA4005D7E9C /* Localizable.strings */; };
		7AC927E42609FEA8005D7E9C /* InfoPlist.strings in Resources */ = {isa = PBXBuildFile; fileRef = 7AC927E62609FEA8005D7E9C /* InfoPlist.strings */; };
/* End PBXBuildFile section */

/* Begin PBXFileReference section */
		7A0C2E3D260A837800C57C14 /* LocationsViewModel.swift */ = {isa = PBXFileReference; lastKnownFileType = sourcecode.swift; path = LocationsViewModel.swift; sourceTree = "<group>"; };
		7A0C2E9F260A914400C57C14 /* LocationsTableViewController.swift */ = {isa = PBXFileReference; lastKnownFileType = sourcecode.swift; path = LocationsTableViewController.swift; sourceTree = "<group>"; };
		7A421027260A68A700280D35 /* LocationClient.swift */ = {isa = PBXFileReference; lastKnownFileType = sourcecode.swift; path = LocationClient.swift; sourceTree = "<group>"; };
		7A42102B260A68B300280D35 /* Location.swift */ = {isa = PBXFileReference; lastKnownFileType = sourcecode.swift; path = Location.swift; sourceTree = "<group>"; };
		7A42102F260A69A900280D35 /* LocationService.swift */ = {isa = PBXFileReference; lastKnownFileType = sourcecode.swift; path = LocationService.swift; sourceTree = "<group>"; };
		7A710F1F260A7C81009FBA2C /* LocationJson.swift */ = {isa = PBXFileReference; lastKnownFileType = sourcecode.swift; path = LocationJson.swift; sourceTree = "<group>"; };
		7A710F22260A7E1F009FBA2C /* LocationRepositoryProtocol.swift */ = {isa = PBXFileReference; lastKnownFileType = sourcecode.swift; path = LocationRepositoryProtocol.swift; sourceTree = "<group>"; };
		7A710F27260A80AA009FBA2C /* LocationRepository.swift */ = {isa = PBXFileReference; lastKnownFileType = sourcecode.swift; path = LocationRepository.swift; sourceTree = "<group>"; };
		7A9C0374260A1D2200B0CA6A /* WikiLocations-stage.xcconfig */ = {isa = PBXFileReference; lastKnownFileType = text.xcconfig; path = "WikiLocations-stage.xcconfig"; sourceTree = "<group>"; };
		7A9C0375260A1D5300B0CA6A /* WikiLocations-prod.xcconfig */ = {isa = PBXFileReference; lastKnownFileType = text.xcconfig; path = "WikiLocations-prod.xcconfig"; sourceTree = "<group>"; };
		7AC9275F26095269005D7E9C /* WikiLocations.app */ = {isa = PBXFileReference; explicitFileType = wrapper.application; includeInIndex = 0; path = WikiLocations.app; sourceTree = BUILT_PRODUCTS_DIR; };
		7AC9276226095269005D7E9C /* AppDelegate.swift */ = {isa = PBXFileReference; lastKnownFileType = sourcecode.swift; path = AppDelegate.swift; sourceTree = "<group>"; };
		7AC9276426095269005D7E9C /* SceneDelegate.swift */ = {isa = PBXFileReference; lastKnownFileType = sourcecode.swift; path = SceneDelegate.swift; sourceTree = "<group>"; };
		7AC9276626095269005D7E9C /* RootViewController.swift */ = {isa = PBXFileReference; lastKnownFileType = sourcecode.swift; path = RootViewController.swift; sourceTree = "<group>"; };
		7AC9276B2609526B005D7E9C /* Assets.xcassets */ = {isa = PBXFileReference; lastKnownFileType = folder.assetcatalog; path = Assets.xcassets; sourceTree = "<group>"; };
		7AC9276E2609526B005D7E9C /* Base */ = {isa = PBXFileReference; lastKnownFileType = file.storyboard; name = Base; path = Base.lproj/LaunchScreen.storyboard; sourceTree = "<group>"; };
		7AC927702609526B005D7E9C /* Info.plist */ = {isa = PBXFileReference; lastKnownFileType = text.plist.xml; path = Info.plist; sourceTree = "<group>"; };
		7AC927BC2609F0AE005D7E9C /* ScreenStackProtocol.swift */ = {isa = PBXFileReference; lastKnownFileType = sourcecode.swift; path = ScreenStackProtocol.swift; sourceTree = "<group>"; };
		7AC927D02609F9F9005D7E9C /* es */ = {isa = PBXFileReference; lastKnownFileType = text.plist.strings; name = es; path = es.lproj/LaunchScreen.strings; sourceTree = "<group>"; };
		7AC927D22609FA3E005D7E9C /* nl */ = {isa = PBXFileReference; lastKnownFileType = text.plist.strings; name = nl; path = nl.lproj/LaunchScreen.strings; sourceTree = "<group>"; };
		7AC927D42609FA80005D7E9C /* en */ = {isa = PBXFileReference; lastKnownFileType = text.plist.strings; name = en; path = en.lproj/LaunchScreen.strings; sourceTree = "<group>"; };
		7AC927DA2609FDA4005D7E9C /* en */ = {isa = PBXFileReference; lastKnownFileType = text.plist.strings; name = en; path = en.lproj/Localizable.strings; sourceTree = "<group>"; };
		7AC927DD2609FDA9005D7E9C /* nl */ = {isa = PBXFileReference; lastKnownFileType = text.plist.strings; name = nl; path = nl.lproj/Localizable.strings; sourceTree = "<group>"; };
		7AC927DE2609FDAB005D7E9C /* es */ = {isa = PBXFileReference; lastKnownFileType = text.plist.strings; name = es; path = es.lproj/Localizable.strings; sourceTree = "<group>"; };
		7AC927E52609FEA8005D7E9C /* en */ = {isa = PBXFileReference; lastKnownFileType = text.plist.strings; name = en; path = en.lproj/InfoPlist.strings; sourceTree = "<group>"; };
		7AC927E82609FEAB005D7E9C /* nl */ = {isa = PBXFileReference; lastKnownFileType = text.plist.strings; name = nl; path = nl.lproj/InfoPlist.strings; sourceTree = "<group>"; };
		7AC927E92609FEAC005D7E9C /* es */ = {isa = PBXFileReference; lastKnownFileType = text.plist.strings; name = es; path = es.lproj/InfoPlist.strings; sourceTree = "<group>"; };
		7AC92823260A0081005D7E9C /* WikiLocations.xcconfig */ = {isa = PBXFileReference; lastKnownFileType = text.xcconfig; path = WikiLocations.xcconfig; sourceTree = "<group>"; };
/* End PBXFileReference section */

/* Begin PBXFrameworksBuildPhase section */
		7AC9275C26095269005D7E9C /* Frameworks */ = {
			isa = PBXFrameworksBuildPhase;
			buildActionMask = 2147483647;
			files = (
				7A42100C260A49E400280D35 /* NetworkProvider in Frameworks */,
				7A855719260A3189001F9AD8 /* PlistReader in Frameworks */,
				7A42100A260A49E000280D35 /* LightURLSessionDataTask in Frameworks */,
			);
			runOnlyForDeploymentPostprocessing = 0;
		};
/* End PBXFrameworksBuildPhase section */

/* Begin PBXGroup section */
		7A0C2E3C260A833C00C57C14 /* ViewModel */ = {
			isa = PBXGroup;
			children = (
				7A0C2E3D260A837800C57C14 /* LocationsViewModel.swift */,
			);
			path = ViewModel;
			sourceTree = "<group>";
		};
		7A421025260A687800280D35 /* Repository */ = {
			isa = PBXGroup;
			children = (
				7A710F22260A7E1F009FBA2C /* LocationRepositoryProtocol.swift */,
				7A710F27260A80AA009FBA2C /* LocationRepository.swift */,
			);
			path = Repository;
			sourceTree = "<group>";
		};
		7A421026260A688C00280D35 /* Model */ = {
			isa = PBXGroup;
			children = (
				7A42102B260A68B300280D35 /* Location.swift */,
				7A710F1F260A7C81009FBA2C /* LocationJson.swift */,
			);
			path = Model;
			sourceTree = "<group>";
		};
		7A710F2B260A81E7009FBA2C /* Services */ = {
			isa = PBXGroup;
			children = (
				7A42102F260A69A900280D35 /* LocationService.swift */,
				7A421027260A68A700280D35 /* LocationClient.swift */,
			);
			path = Services;
			sourceTree = "<group>";
		};
		7A855717260A3189001F9AD8 /* Frameworks */ = {
			isa = PBXGroup;
			children = (
			);
			name = Frameworks;
			sourceTree = "<group>";
		};
		7AC9275626095268005D7E9C = {
			isa = PBXGroup;
			children = (
				7AC9276126095269005D7E9C /* WikiLocations */,
				7AC9276026095269005D7E9C /* Products */,
				7A855717260A3189001F9AD8 /* Frameworks */,
			);
			sourceTree = "<group>";
		};
		7AC9276026095269005D7E9C /* Products */ = {
			isa = PBXGroup;
			children = (
				7AC9275F26095269005D7E9C /* WikiLocations.app */,
			);
			name = Products;
			sourceTree = "<group>";
		};
		7AC9276126095269005D7E9C /* WikiLocations */ = {
			isa = PBXGroup;
			children = (
				7AC927B926096549005D7E9C /* App */,
				7A421026260A688C00280D35 /* Model */,
				7AC927CB2609F968005D7E9C /* View */,
				7A0C2E3C260A833C00C57C14 /* ViewModel */,
				7A421025260A687800280D35 /* Repository */,
				7A710F2B260A81E7009FBA2C /* Services */,
			);
			path = WikiLocations;
			sourceTree = "<group>";
		};
		7AC927B926096549005D7E9C /* App */ = {
			isa = PBXGroup;
			children = (
				7AC9276226095269005D7E9C /* AppDelegate.swift */,
				7AC9276426095269005D7E9C /* SceneDelegate.swift */,
				7AC927BC2609F0AE005D7E9C /* ScreenStackProtocol.swift */,
				7AC927EB2609FFF6005D7E9C /* Configurations */,
				7AC927C32609F4CA005D7E9C /* Supporting Files */,
			);
			path = App;
			sourceTree = "<group>";
		};
		7AC927C32609F4CA005D7E9C /* Supporting Files */ = {
			isa = PBXGroup;
			children = (
				7AC9276B2609526B005D7E9C /* Assets.xcassets */,
				7AC9276D2609526B005D7E9C /* LaunchScreen.storyboard */,
				7AC927702609526B005D7E9C /* Info.plist */,
				7AC927DB2609FDA4005D7E9C /* Localizable.strings */,
				7AC927E62609FEA8005D7E9C /* InfoPlist.strings */,
			);
			path = "Supporting Files";
			sourceTree = "<group>";
		};
		7AC927CB2609F968005D7E9C /* View */ = {
			isa = PBXGroup;
			children = (
				7AC9276626095269005D7E9C /* RootViewController.swift */,
				7A0C2E9F260A914400C57C14 /* LocationsTableViewController.swift */,
			);
			path = View;
			sourceTree = "<group>";
		};
		7AC927EB2609FFF6005D7E9C /* Configurations */ = {
			isa = PBXGroup;
			children = (
				7AC92823260A0081005D7E9C /* WikiLocations.xcconfig */,
				7A9C0374260A1D2200B0CA6A /* WikiLocations-stage.xcconfig */,
				7A9C0375260A1D5300B0CA6A /* WikiLocations-prod.xcconfig */,
			);
			path = Configurations;
			sourceTree = "<group>";
		};
/* End PBXGroup section */

/* Begin PBXNativeTarget section */
		7AC9275E26095269005D7E9C /* WikiLocations */ = {
			isa = PBXNativeTarget;
			buildConfigurationList = 7AC927732609526B005D7E9C /* Build configuration list for PBXNativeTarget "WikiLocations" */;
			buildPhases = (
				7AC9275B26095269005D7E9C /* Sources */,
				7AC9275C26095269005D7E9C /* Frameworks */,
				7AC9275D26095269005D7E9C /* Resources */,
			);
			buildRules = (
			);
			dependencies = (
			);
			name = WikiLocations;
			packageProductDependencies = (
				7A855718260A3189001F9AD8 /* PlistReader */,
				7A421009260A49E000280D35 /* LightURLSessionDataTask */,
				7A42100B260A49E400280D35 /* NetworkProvider */,
			);
			productName = WikiLocations;
			productReference = 7AC9275F26095269005D7E9C /* WikiLocations.app */;
			productType = "com.apple.product-type.application";
		};
/* End PBXNativeTarget section */

/* Begin PBXProject section */
		7AC9275726095268005D7E9C /* Project object */ = {
			isa = PBXProject;
			attributes = {
				LastSwiftUpdateCheck = 1240;
				LastUpgradeCheck = 1240;
				TargetAttributes = {
					7AC9275E26095269005D7E9C = {
						CreatedOnToolsVersion = 12.4;
					};
				};
			};
			buildConfigurationList = 7AC9275A26095269005D7E9C /* Build configuration list for PBXProject "WikiLocations" */;
			compatibilityVersion = "Xcode 9.3";
			developmentRegion = en;
			hasScannedForEncodings = 0;
			knownRegions = (
				en,
				Base,
				es,
				nl,
			);
			mainGroup = 7AC9275626095268005D7E9C;
			productRefGroup = 7AC9276026095269005D7E9C /* Products */;
			projectDirPath = "";
			projectRoot = "";
			targets = (
				7AC9275E26095269005D7E9C /* WikiLocations */,
			);
		};
/* End PBXProject section */

/* Begin PBXResourcesBuildPhase section */
		7AC9275D26095269005D7E9C /* Resources */ = {
			isa = PBXResourcesBuildPhase;
			buildActionMask = 2147483647;
			files = (
				7AC927D92609FDA4005D7E9C /* Localizable.strings in Resources */,
				7AC927E42609FEA8005D7E9C /* InfoPlist.strings in Resources */,
				7AC9276F2609526B005D7E9C /* LaunchScreen.storyboard in Resources */,
				7AC9276C2609526B005D7E9C /* Assets.xcassets in Resources */,
			);
			runOnlyForDeploymentPostprocessing = 0;
		};
/* End PBXResourcesBuildPhase section */

/* Begin PBXSourcesBuildPhase section */
		7AC9275B26095269005D7E9C /* Sources */ = {
			isa = PBXSourcesBuildPhase;
			buildActionMask = 2147483647;
			files = (
				7A421030260A69A900280D35 /* LocationService.swift in Sources */,
				7AC9276726095269005D7E9C /* RootViewController.swift in Sources */,
				7AC9276326095269005D7E9C /* AppDelegate.swift in Sources */,
				7A421028260A68A700280D35 /* LocationClient.swift in Sources */,
				7AC927BD2609F0AE005D7E9C /* ScreenStackProtocol.swift in Sources */,
				7A42102C260A68B300280D35 /* Location.swift in Sources */,
				7A710F28260A80AA009FBA2C /* LocationRepository.swift in Sources */,
				7A0C2E3E260A837800C57C14 /* LocationsViewModel.swift in Sources */,
				7A0C2EA0260A914400C57C14 /* LocationsTableViewController.swift in Sources */,
				7A710F20260A7C81009FBA2C /* LocationJson.swift in Sources */,
				7A710F23260A7E1F009FBA2C /* LocationRepositoryProtocol.swift in Sources */,
				7AC9276526095269005D7E9C /* SceneDelegate.swift in Sources */,
			);
			runOnlyForDeploymentPostprocessing = 0;
		};
/* End PBXSourcesBuildPhase section */

/* Begin PBXVariantGroup section */
		7AC9276D2609526B005D7E9C /* LaunchScreen.storyboard */ = {
			isa = PBXVariantGroup;
			children = (
				7AC9276E2609526B005D7E9C /* Base */,
				7AC927D02609F9F9005D7E9C /* es */,
				7AC927D22609FA3E005D7E9C /* nl */,
				7AC927D42609FA80005D7E9C /* en */,
			);
			name = LaunchScreen.storyboard;
			sourceTree = "<group>";
		};
		7AC927DB2609FDA4005D7E9C /* Localizable.strings */ = {
			isa = PBXVariantGroup;
			children = (
				7AC927DA2609FDA4005D7E9C /* en */,
				7AC927DD2609FDA9005D7E9C /* nl */,
				7AC927DE2609FDAB005D7E9C /* es */,
			);
			name = Localizable.strings;
			sourceTree = "<group>";
		};
		7AC927E62609FEA8005D7E9C /* InfoPlist.strings */ = {
			isa = PBXVariantGroup;
			children = (
				7AC927E52609FEA8005D7E9C /* en */,
				7AC927E82609FEAB005D7E9C /* nl */,
				7AC927E92609FEAC005D7E9C /* es */,
			);
			name = InfoPlist.strings;
			sourceTree = "<group>";
		};
/* End PBXVariantGroup section */

/* Begin XCBuildConfiguration section */
		7AB76A52260A0984009A2DAB /* Release_PROD */ = {
			isa = XCBuildConfiguration;
			baseConfigurationReference = 7A9C0375260A1D5300B0CA6A /* WikiLocations-prod.xcconfig */;
			buildSettings = {
				ALWAYS_SEARCH_USER_PATHS = NO;
				CLANG_ANALYZER_LOCALIZABILITY_NONLOCALIZED = YES;
				CLANG_ANALYZER_NONNULL = YES;
				CLANG_ANALYZER_NUMBER_OBJECT_CONVERSION = YES_AGGRESSIVE;
				CLANG_CXX_LANGUAGE_STANDARD = "gnu++14";
				CLANG_CXX_LIBRARY = "libc++";
				CLANG_ENABLE_MODULES = YES;
				CLANG_ENABLE_OBJC_ARC = YES;
				CLANG_ENABLE_OBJC_WEAK = YES;
				CLANG_WARN_BLOCK_CAPTURE_AUTORELEASING = YES;
				CLANG_WARN_BOOL_CONVERSION = YES;
				CLANG_WARN_COMMA = YES;
				CLANG_WARN_CONSTANT_CONVERSION = YES;
				CLANG_WARN_DEPRECATED_OBJC_IMPLEMENTATIONS = YES;
				CLANG_WARN_DIRECT_OBJC_ISA_USAGE = YES_ERROR;
				CLANG_WARN_DOCUMENTATION_COMMENTS = YES;
				CLANG_WARN_EMPTY_BODY = YES;
				CLANG_WARN_ENUM_CONVERSION = YES;
				CLANG_WARN_INFINITE_RECURSION = YES;
				CLANG_WARN_INT_CONVERSION = YES;
				CLANG_WARN_NON_LITERAL_NULL_CONVERSION = YES;
				CLANG_WARN_OBJC_IMPLICIT_RETAIN_SELF = YES;
				CLANG_WARN_OBJC_LITERAL_CONVERSION = YES;
				CLANG_WARN_OBJC_ROOT_CLASS = YES_ERROR;
				CLANG_WARN_QUOTED_INCLUDE_IN_FRAMEWORK_HEADER = YES;
				CLANG_WARN_RANGE_LOOP_ANALYSIS = YES;
				CLANG_WARN_STRICT_PROTOTYPES = YES;
				CLANG_WARN_SUSPICIOUS_MOVE = YES;
				CLANG_WARN_UNGUARDED_AVAILABILITY = YES_AGGRESSIVE;
				CLANG_WARN_UNREACHABLE_CODE = YES;
				CLANG_WARN__DUPLICATE_METHOD_MATCH = YES;
				COPY_PHASE_STRIP = NO;
				DEBUG_INFORMATION_FORMAT = "dwarf-with-dsym";
				ENABLE_STRICT_OBJC_MSGSEND = YES;
				ENABLE_TESTABILITY = YES;
				GCC_C_LANGUAGE_STANDARD = gnu11;
				GCC_DYNAMIC_NO_PIC = NO;
				GCC_NO_COMMON_BLOCKS = YES;
				GCC_OPTIMIZATION_LEVEL = s;
				GCC_PREPROCESSOR_DEFINITIONS = "$(inherited)";
				GCC_WARN_64_TO_32_BIT_CONVERSION = YES;
				GCC_WARN_ABOUT_RETURN_TYPE = YES_ERROR;
				GCC_WARN_UNDECLARED_SELECTOR = YES;
				GCC_WARN_UNINITIALIZED_AUTOS = YES_AGGRESSIVE;
				GCC_WARN_UNUSED_FUNCTION = YES;
				GCC_WARN_UNUSED_VARIABLE = YES;
				IPHONEOS_DEPLOYMENT_TARGET = 13.6;
				MTL_ENABLE_DEBUG_INFO = NO;
				MTL_FAST_MATH = YES;
				ONLY_ACTIVE_ARCH = NO;
				SDKROOT = iphoneos;
				SWIFT_ACTIVE_COMPILATION_CONDITIONS = "";
				SWIFT_OPTIMIZATION_LEVEL = "-Onone";
			};
			name = Release_PROD;
		};
		7AB76A53260A0984009A2DAB /* Release_PROD */ = {
			isa = XCBuildConfiguration;
			buildSettings = {
				ASSETCATALOG_COMPILER_GLOBAL_ACCENT_COLOR_NAME = AccentColor;
				CODE_SIGN_STYLE = Automatic;
				DEVELOPMENT_TEAM = BSYPP7R75C;
				INFOPLIST_FILE = "WikiLocations/App/Supporting Files/Info.plist";
				IPHONEOS_DEPLOYMENT_TARGET = 13.6;
				LD_RUNPATH_SEARCH_PATHS = (
					"$(inherited)",
					"@executable_path/Frameworks",
				);
				PRODUCT_BUNDLE_IDENTIFIER = gz.xdmdev.WikiLocations;
				SWIFT_VERSION = 5.0;
				TARGETED_DEVICE_FAMILY = 1;
			};
			name = Release_PROD;
		};
		7AB76A57260A09A9009A2DAB /* Debug_PROD */ = {
			isa = XCBuildConfiguration;
			baseConfigurationReference = 7A9C0375260A1D5300B0CA6A /* WikiLocations-prod.xcconfig */;
			buildSettings = {
				ALWAYS_SEARCH_USER_PATHS = NO;
				CLANG_ANALYZER_LOCALIZABILITY_NONLOCALIZED = YES;
				CLANG_ANALYZER_NONNULL = YES;
				CLANG_ANALYZER_NUMBER_OBJECT_CONVERSION = YES_AGGRESSIVE;
				CLANG_CXX_LANGUAGE_STANDARD = "gnu++14";
				CLANG_CXX_LIBRARY = "libc++";
				CLANG_ENABLE_MODULES = YES;
				CLANG_ENABLE_OBJC_ARC = YES;
				CLANG_ENABLE_OBJC_WEAK = YES;
				CLANG_WARN_BLOCK_CAPTURE_AUTORELEASING = YES;
				CLANG_WARN_BOOL_CONVERSION = YES;
				CLANG_WARN_COMMA = YES;
				CLANG_WARN_CONSTANT_CONVERSION = YES;
				CLANG_WARN_DEPRECATED_OBJC_IMPLEMENTATIONS = YES;
				CLANG_WARN_DIRECT_OBJC_ISA_USAGE = YES_ERROR;
				CLANG_WARN_DOCUMENTATION_COMMENTS = YES;
				CLANG_WARN_EMPTY_BODY = YES;
				CLANG_WARN_ENUM_CONVERSION = YES;
				CLANG_WARN_INFINITE_RECURSION = YES;
				CLANG_WARN_INT_CONVERSION = YES;
				CLANG_WARN_NON_LITERAL_NULL_CONVERSION = YES;
				CLANG_WARN_OBJC_IMPLICIT_RETAIN_SELF = YES;
				CLANG_WARN_OBJC_LITERAL_CONVERSION = YES;
				CLANG_WARN_OBJC_ROOT_CLASS = YES_ERROR;
				CLANG_WARN_QUOTED_INCLUDE_IN_FRAMEWORK_HEADER = YES;
				CLANG_WARN_RANGE_LOOP_ANALYSIS = YES;
				CLANG_WARN_STRICT_PROTOTYPES = YES;
				CLANG_WARN_SUSPICIOUS_MOVE = YES;
				CLANG_WARN_UNGUARDED_AVAILABILITY = YES_AGGRESSIVE;
				CLANG_WARN_UNREACHABLE_CODE = YES;
				CLANG_WARN__DUPLICATE_METHOD_MATCH = YES;
				COPY_PHASE_STRIP = NO;
				DEBUG_INFORMATION_FORMAT = dwarf;
				ENABLE_STRICT_OBJC_MSGSEND = YES;
				ENABLE_TESTABILITY = YES;
				GCC_C_LANGUAGE_STANDARD = gnu11;
				GCC_DYNAMIC_NO_PIC = NO;
				GCC_NO_COMMON_BLOCKS = YES;
				GCC_OPTIMIZATION_LEVEL = 0;
				GCC_PREPROCESSOR_DEFINITIONS = (
					"DEBUG=1",
					"$(inherited)",
				);
				GCC_WARN_64_TO_32_BIT_CONVERSION = YES;
				GCC_WARN_ABOUT_RETURN_TYPE = YES_ERROR;
				GCC_WARN_UNDECLARED_SELECTOR = YES;
				GCC_WARN_UNINITIALIZED_AUTOS = YES_AGGRESSIVE;
				GCC_WARN_UNUSED_FUNCTION = YES;
				GCC_WARN_UNUSED_VARIABLE = YES;
				IPHONEOS_DEPLOYMENT_TARGET = 13.6;
				MTL_ENABLE_DEBUG_INFO = INCLUDE_SOURCE;
				MTL_FAST_MATH = YES;
				ONLY_ACTIVE_ARCH = YES;
				SDKROOT = iphoneos;
				SWIFT_ACTIVE_COMPILATION_CONDITIONS = DEBUG;
				SWIFT_OPTIMIZATION_LEVEL = "-Onone";
			};
			name = Debug_PROD;
		};
		7AB76A58260A09A9009A2DAB /* Debug_PROD */ = {
			isa = XCBuildConfiguration;
			buildSettings = {
				ASSETCATALOG_COMPILER_GLOBAL_ACCENT_COLOR_NAME = AccentColor;
				CODE_SIGN_STYLE = Automatic;
				DEVELOPMENT_TEAM = BSYPP7R75C;
				INFOPLIST_FILE = "WikiLocations/App/Supporting Files/Info.plist";
				IPHONEOS_DEPLOYMENT_TARGET = 13.6;
				LD_RUNPATH_SEARCH_PATHS = (
					"$(inherited)",
					"@executable_path/Frameworks",
				);
				PRODUCT_BUNDLE_IDENTIFIER = gz.xdmdev.WikiLocations;
				SWIFT_VERSION = 5.0;
				TARGETED_DEVICE_FAMILY = 1;
			};
			name = Debug_PROD;
		};
		7AB76A59260A09BD009A2DAB /* Release_STAGE */ = {
			isa = XCBuildConfiguration;
			baseConfigurationReference = 7A9C0374260A1D2200B0CA6A /* WikiLocations-stage.xcconfig */;
			buildSettings = {
				ALWAYS_SEARCH_USER_PATHS = NO;
				CLANG_ANALYZER_LOCALIZABILITY_NONLOCALIZED = YES;
				CLANG_ANALYZER_NONNULL = YES;
				CLANG_ANALYZER_NUMBER_OBJECT_CONVERSION = YES_AGGRESSIVE;
				CLANG_CXX_LANGUAGE_STANDARD = "gnu++14";
				CLANG_CXX_LIBRARY = "libc++";
				CLANG_ENABLE_MODULES = YES;
				CLANG_ENABLE_OBJC_ARC = YES;
				CLANG_ENABLE_OBJC_WEAK = YES;
				CLANG_WARN_BLOCK_CAPTURE_AUTORELEASING = YES;
				CLANG_WARN_BOOL_CONVERSION = YES;
				CLANG_WARN_COMMA = YES;
				CLANG_WARN_CONSTANT_CONVERSION = YES;
				CLANG_WARN_DEPRECATED_OBJC_IMPLEMENTATIONS = YES;
				CLANG_WARN_DIRECT_OBJC_ISA_USAGE = YES_ERROR;
				CLANG_WARN_DOCUMENTATION_COMMENTS = YES;
				CLANG_WARN_EMPTY_BODY = YES;
				CLANG_WARN_ENUM_CONVERSION = YES;
				CLANG_WARN_INFINITE_RECURSION = YES;
				CLANG_WARN_INT_CONVERSION = YES;
				CLANG_WARN_NON_LITERAL_NULL_CONVERSION = YES;
				CLANG_WARN_OBJC_IMPLICIT_RETAIN_SELF = YES;
				CLANG_WARN_OBJC_LITERAL_CONVERSION = YES;
				CLANG_WARN_OBJC_ROOT_CLASS = YES_ERROR;
				CLANG_WARN_QUOTED_INCLUDE_IN_FRAMEWORK_HEADER = YES;
				CLANG_WARN_RANGE_LOOP_ANALYSIS = YES;
				CLANG_WARN_STRICT_PROTOTYPES = YES;
				CLANG_WARN_SUSPICIOUS_MOVE = YES;
				CLANG_WARN_UNGUARDED_AVAILABILITY = YES_AGGRESSIVE;
				CLANG_WARN_UNREACHABLE_CODE = YES;
				CLANG_WARN__DUPLICATE_METHOD_MATCH = YES;
				COPY_PHASE_STRIP = NO;
				DEBUG_INFORMATION_FORMAT = "dwarf-with-dsym";
				ENABLE_STRICT_OBJC_MSGSEND = YES;
				ENABLE_TESTABILITY = YES;
				GCC_C_LANGUAGE_STANDARD = gnu11;
				GCC_DYNAMIC_NO_PIC = NO;
				GCC_NO_COMMON_BLOCKS = YES;
				GCC_OPTIMIZATION_LEVEL = s;
				GCC_PREPROCESSOR_DEFINITIONS = "$(inherited)";
				GCC_WARN_64_TO_32_BIT_CONVERSION = YES;
				GCC_WARN_ABOUT_RETURN_TYPE = YES_ERROR;
				GCC_WARN_UNDECLARED_SELECTOR = YES;
				GCC_WARN_UNINITIALIZED_AUTOS = YES_AGGRESSIVE;
				GCC_WARN_UNUSED_FUNCTION = YES;
				GCC_WARN_UNUSED_VARIABLE = YES;
				IPHONEOS_DEPLOYMENT_TARGET = 13.6;
				MTL_ENABLE_DEBUG_INFO = NO;
				MTL_FAST_MATH = YES;
				ONLY_ACTIVE_ARCH = NO;
				SDKROOT = iphoneos;
				SWIFT_ACTIVE_COMPILATION_CONDITIONS = "";
				SWIFT_OPTIMIZATION_LEVEL = "-Onone";
			};
			name = Release_STAGE;
		};
		7AB76A5A260A09BD009A2DAB /* Release_STAGE */ = {
			isa = XCBuildConfiguration;
			buildSettings = {
				ASSETCATALOG_COMPILER_GLOBAL_ACCENT_COLOR_NAME = AccentColor;
				CODE_SIGN_STYLE = Automatic;
				DEVELOPMENT_TEAM = BSYPP7R75C;
				INFOPLIST_FILE = "WikiLocations/App/Supporting Files/Info.plist";
				IPHONEOS_DEPLOYMENT_TARGET = 13.6;
				LD_RUNPATH_SEARCH_PATHS = (
					"$(inherited)",
					"@executable_path/Frameworks",
				);
				PRODUCT_BUNDLE_IDENTIFIER = gz.xdmdev.WikiLocations;
				SWIFT_VERSION = 5.0;
				TARGETED_DEVICE_FAMILY = 1;
			};
			name = Release_STAGE;
		};
		7AC927712609526B005D7E9C /* Debug_STAGE */ = {
			isa = XCBuildConfiguration;
			baseConfigurationReference = 7A9C0374260A1D2200B0CA6A /* WikiLocations-stage.xcconfig */;
			buildSettings = {
				ALWAYS_SEARCH_USER_PATHS = NO;
				CLANG_ANALYZER_LOCALIZABILITY_NONLOCALIZED = YES;
				CLANG_ANALYZER_NONNULL = YES;
				CLANG_ANALYZER_NUMBER_OBJECT_CONVERSION = YES_AGGRESSIVE;
				CLANG_CXX_LANGUAGE_STANDARD = "gnu++14";
				CLANG_CXX_LIBRARY = "libc++";
				CLANG_ENABLE_MODULES = YES;
				CLANG_ENABLE_OBJC_ARC = YES;
				CLANG_ENABLE_OBJC_WEAK = YES;
				CLANG_WARN_BLOCK_CAPTURE_AUTORELEASING = YES;
				CLANG_WARN_BOOL_CONVERSION = YES;
				CLANG_WARN_COMMA = YES;
				CLANG_WARN_CONSTANT_CONVERSION = YES;
				CLANG_WARN_DEPRECATED_OBJC_IMPLEMENTATIONS = YES;
				CLANG_WARN_DIRECT_OBJC_ISA_USAGE = YES_ERROR;
				CLANG_WARN_DOCUMENTATION_COMMENTS = YES;
				CLANG_WARN_EMPTY_BODY = YES;
				CLANG_WARN_ENUM_CONVERSION = YES;
				CLANG_WARN_INFINITE_RECURSION = YES;
				CLANG_WARN_INT_CONVERSION = YES;
				CLANG_WARN_NON_LITERAL_NULL_CONVERSION = YES;
				CLANG_WARN_OBJC_IMPLICIT_RETAIN_SELF = YES;
				CLANG_WARN_OBJC_LITERAL_CONVERSION = YES;
				CLANG_WARN_OBJC_ROOT_CLASS = YES_ERROR;
				CLANG_WARN_QUOTED_INCLUDE_IN_FRAMEWORK_HEADER = YES;
				CLANG_WARN_RANGE_LOOP_ANALYSIS = YES;
				CLANG_WARN_STRICT_PROTOTYPES = YES;
				CLANG_WARN_SUSPICIOUS_MOVE = YES;
				CLANG_WARN_UNGUARDED_AVAILABILITY = YES_AGGRESSIVE;
				CLANG_WARN_UNREACHABLE_CODE = YES;
				CLANG_WARN__DUPLICATE_METHOD_MATCH = YES;
				COPY_PHASE_STRIP = NO;
				DEBUG_INFORMATION_FORMAT = dwarf;
				ENABLE_STRICT_OBJC_MSGSEND = YES;
				ENABLE_TESTABILITY = YES;
				GCC_C_LANGUAGE_STANDARD = gnu11;
				GCC_DYNAMIC_NO_PIC = NO;
				GCC_NO_COMMON_BLOCKS = YES;
				GCC_OPTIMIZATION_LEVEL = 0;
				GCC_PREPROCESSOR_DEFINITIONS = (
					"DEBUG=1",
					"$(inherited)",
				);
				GCC_WARN_64_TO_32_BIT_CONVERSION = YES;
				GCC_WARN_ABOUT_RETURN_TYPE = YES_ERROR;
				GCC_WARN_UNDECLARED_SELECTOR = YES;
				GCC_WARN_UNINITIALIZED_AUTOS = YES_AGGRESSIVE;
				GCC_WARN_UNUSED_FUNCTION = YES;
				GCC_WARN_UNUSED_VARIABLE = YES;
				IPHONEOS_DEPLOYMENT_TARGET = 13.6;
				MTL_ENABLE_DEBUG_INFO = INCLUDE_SOURCE;
				MTL_FAST_MATH = YES;
				ONLY_ACTIVE_ARCH = YES;
				SDKROOT = iphoneos;
				SWIFT_ACTIVE_COMPILATION_CONDITIONS = DEBUG;
				SWIFT_OPTIMIZATION_LEVEL = "-Onone";
			};
			name = Debug_STAGE;
		};
		7AC927742609526B005D7E9C /* Debug_STAGE */ = {
			isa = XCBuildConfiguration;
			buildSettings = {
				ASSETCATALOG_COMPILER_GLOBAL_ACCENT_COLOR_NAME = AccentColor;
				CODE_SIGN_STYLE = Automatic;
				DEVELOPMENT_TEAM = BSYPP7R75C;
				INFOPLIST_FILE = "WikiLocations/App/Supporting Files/Info.plist";
				IPHONEOS_DEPLOYMENT_TARGET = 13.6;
				LD_RUNPATH_SEARCH_PATHS = (
					"$(inherited)",
					"@executable_path/Frameworks",
				);
				PRODUCT_BUNDLE_IDENTIFIER = gz.xdmdev.WikiLocations;
				SWIFT_VERSION = 5.0;
				TARGETED_DEVICE_FAMILY = 1;
			};
			name = Debug_STAGE;
		};
/* End XCBuildConfiguration section */

/* Begin XCConfigurationList section */
		7AC9275A26095269005D7E9C /* Build configuration list for PBXProject "WikiLocations" */ = {
			isa = XCConfigurationList;
			buildConfigurations = (
				7AC927712609526B005D7E9C /* Debug_STAGE */,
				7AB76A57260A09A9009A2DAB /* Debug_PROD */,
				7AB76A59260A09BD009A2DAB /* Release_STAGE */,
				7AB76A52260A0984009A2DAB /* Release_PROD */,
			);
			defaultConfigurationIsVisible = 0;
			defaultConfigurationName = Release_PROD;
		};
		7AC927732609526B005D7E9C /* Build configuration list for PBXNativeTarget "WikiLocations" */ = {
			isa = XCConfigurationList;
			buildConfigurations = (
				7AC927742609526B005D7E9C /* Debug_STAGE */,
				7AB76A58260A09A9009A2DAB /* Debug_PROD */,
				7AB76A5A260A09BD009A2DAB /* Release_STAGE */,
				7AB76A53260A0984009A2DAB /* Release_PROD */,
			);
			defaultConfigurationIsVisible = 0;
			defaultConfigurationName = Release_PROD;
		};
/* End XCConfigurationList section */

/* Begin XCSwiftPackageProductDependency section */
		7A421009260A49E000280D35 /* LightURLSessionDataTask */ = {
			isa = XCSwiftPackageProductDependency;
			productName = LightURLSessionDataTask;
		};
		7A42100B260A49E400280D35 /* NetworkProvider */ = {
			isa = XCSwiftPackageProductDependency;
			productName = NetworkProvider;
		};
		7A855718260A3189001F9AD8 /* PlistReader */ = {
			isa = XCSwiftPackageProductDependency;
			productName = PlistReader;
		};
/* End XCSwiftPackageProductDependency section */
	};
	rootObject = 7AC9275726095268005D7E9C /* Project object */;
}
